Microsoft Visual Studio Solution File, Format Version 12.00
# Visual Studio 2012
Project("{FAE04EC0-301F-11D3-BF4B-00C04F79EFBC}") = "gym-godot", "gym-godot.csproj", "{FA40B845-DE97-4028-AF8E-B8C5BF2F2AA0}"
EndProject
Global
	GlobalSection(SolutionConfigurationPlatforms) = preSolution
	Debug|Any CPU = Debug|Any CPU
	ExportDebug|Any CPU = ExportDebug|Any CPU
	ExportRelease|Any CPU = ExportRelease|Any CPU
	EndGlobalSection
	GlobalSection(ProjectConfigurationPlatforms) = postSolution
		{FA40B845-DE97-4028-AF8E-B8C5BF2F2AA0}.Debug|Any CPU.ActiveCfg = Debug|Any CPU
		{FA40B845-DE97-4028-AF8E-B8C5BF2F2AA0}.Debug|Any CPU.Build.0 = Debug|Any CPU
		{FA40B845-DE97-4028-AF8E-B8C5BF2F2AA0}.ExportDebug|Any CPU.ActiveCfg = ExportDebug|Any CPU
		{FA40B845-DE97-4028-AF8E-B8C5BF2F2AA0}.ExportDebug|Any CPU.Build.0 = ExportDebug|Any CPU
		{FA40B845-DE97-4028-AF8E-B8C5BF2F2AA0}.ExportRelease|Any CPU.ActiveCfg = ExportRelease|Any CPU
		{FA40B845-DE97-4028-AF8E-B8C5BF2F2AA0}.ExportRelease|Any CPU.Build.0 = ExportRelease|Any CPU
	EndGlobalSection
EndGlobal
